// !$*UTF8*$!
{
	archiveVersion = 1;
	classes = {
	};
	objectVersion = 46;
	objects = {

/* Begin PBXBuildFile section */
		6C261DD6201043A000AA9691 /* AppDelegate.swift in Sources */ = {isa = PBXBuildFile; fileRef = 6C261DD5201043A000AA9691 /* AppDelegate.swift */; };
		6C261DD8201043A000AA9691 /* ViewController.swift in Sources */ = {isa = PBXBuildFile; fileRef = 6C261DD7201043A000AA9691 /* ViewController.swift */; };
		6C261DDB201043A000AA9691 /* Main.storyboard in Resources */ = {isa = PBXBuildFile; fileRef = 6C261DD9201043A000AA9691 /* Main.storyboard */; };
		6C261DDD201043A000AA9691 /* Assets.xcassets in Resources */ = {isa = PBXBuildFile; fileRef = 6C261DDC201043A000AA9691 /* Assets.xcassets */; };
		6C261DE0201043A000AA9691 /* LaunchScreen.storyboard in Resources */ = {isa = PBXBuildFile; fileRef = 6C261DDE201043A000AA9691 /* LaunchScreen.storyboard */; };
		6C261DEB201043A100AA9691 /* Wangzhan_swfit_Tests.swift in Sources */ = {isa = PBXBuildFile; fileRef = 6C261DEA201043A100AA9691 /* Wangzhan_swfit_Tests.swift */; };
		6C261DF6201043A100AA9691 /* Wangzhan_swfit_UITests.swift in Sources */ = {isa = PBXBuildFile; fileRef = 6C261DF5201043A100AA9691 /* Wangzhan_swfit_UITests.swift */; };
		6C261E1D201068EF00AA9691 /* TabbarViewController.swift in Sources */ = {isa = PBXBuildFile; fileRef = 6C261E1C201068EF00AA9691 /* TabbarViewController.swift */; };
		6C261E1F2010744400AA9691 /* WZMainViewController.swift in Sources */ = {isa = PBXBuildFile; fileRef = 6C261E1E2010744400AA9691 /* WZMainViewController.swift */; };
		6C261E212010745300AA9691 /* WZMyViewController.swift in Sources */ = {isa = PBXBuildFile; fileRef = 6C261E202010745300AA9691 /* WZMyViewController.swift */; };
		6C261E232010746600AA9691 /* WZGlobeViewController.swift in Sources */ = {isa = PBXBuildFile; fileRef = 6C261E222010746600AA9691 /* WZGlobeViewController.swift */; };
		6C261E252010747300AA9691 /* WZMessageViewController.swift in Sources */ = {isa = PBXBuildFile; fileRef = 6C261E242010747300AA9691 /* WZMessageViewController.swift */; };
		6C261E272010924700AA9691 /* WZMainDetailViewController.swift in Sources */ = {isa = PBXBuildFile; fileRef = 6C261E262010924700AA9691 /* WZMainDetailViewController.swift */; };
		6C261E292011C01600AA9691 /* BaseViewController.swift in Sources */ = {isa = PBXBuildFile; fileRef = 6C261E282011C01600AA9691 /* BaseViewController.swift */; };
		6C261E2B201589EF00AA9691 /* WZCell.swift in Sources */ = {isa = PBXBuildFile; fileRef = 6C261E2A201589EE00AA9691 /* WZCell.swift */; };
/* End PBXBuildFile section */

/* Begin PBXContainerItemProxy section */
		6C261DE7201043A100AA9691 /* PBXContainerItemProxy */ = {
			isa = PBXContainerItemProxy;
			containerPortal = 6C261DCA201043A000AA9691 /* Project object */;
			proxyType = 1;
			remoteGlobalIDString = 6C261DD1201043A000AA9691;
			remoteInfo = "Wangzhan（swfit）";
		};
		6C261DF2201043A100AA9691 /* PBXContainerItemProxy */ = {
			isa = PBXContainerItemProxy;
			containerPortal = 6C261DCA201043A000AA9691 /* Project object */;
			proxyType = 1;
			remoteGlobalIDString = 6C261DD1201043A000AA9691;
			remoteInfo = "Wangzhan（swfit）";
		};
/* End PBXContainerItemProxy section */

/* Begin PBXFileReference section */
		6C261DD2201043A000AA9691 /* Wangzhan（swfit）.app */ = {isa = PBXFileReference; explicitFileType = wrapper.application; includeInIndex = 0; path = "Wangzhan（swfit）.app"; sourceTree = BUILT_PRODUCTS_DIR; };
		6C261DD5201043A000AA9691 /* AppDelegate.swift */ = {isa = PBXFileReference; lastKnownFileType = sourcecode.swift; path = AppDelegate.swift; sourceTree = "<group>"; };
		6C261DD7201043A000AA9691 /* ViewController.swift */ = {isa = PBXFileReference; lastKnownFileType = sourcecode.swift; path = ViewController.swift; sourceTree = "<group>"; };
		6C261DDA201043A000AA9691 /* Base */ = {isa = PBXFileReference; lastKnownFileType = file.storyboard; name = Base; path = Base.lproj/Main.storyboard; sourceTree = "<group>"; };
		6C261DDC201043A000AA9691 /* Assets.xcassets */ = {isa = PBXFileReference; lastKnownFileType = folder.assetcatalog; path = Assets.xcassets; sourceTree = "<group>"; };
		6C261DDF201043A000AA9691 /* Base */ = {isa = PBXFileReference; lastKnownFileType = file.storyboard; name = Base; path = Base.lproj/LaunchScreen.storyboard; sourceTree = "<group>"; };
		6C261DE1201043A000AA9691 /* Info.plist */ = {isa = PBXFileReference; lastKnownFileType = text.plist.xml; path = Info.plist; sourceTree = "<group>"; };
		6C261DE6201043A100AA9691 /* Wangzhan（swfit）Tests.xctest */ = {isa = PBXFileReference; explicitFileType = wrapper.cfbundle; includeInIndex = 0; path = "Wangzhan（swfit）Tests.xctest"; sourceTree = BUILT_PRODUCTS_DIR; };
		6C261DEA201043A100AA9691 /* Wangzhan_swfit_Tests.swift */ = {isa = PBXFileReference; lastKnownFileType = sourcecode.swift; path = Wangzhan_swfit_Tests.swift; sourceTree = "<group>"; };
		6C261DEC201043A100AA9691 /* Info.plist */ = {isa = PBXFileReference; lastKnownFileType = text.plist.xml; path = Info.plist; sourceTree = "<group>"; };
		6C261DF1201043A100AA9691 /* Wangzhan（swfit）UITests.xctest */ = {isa = PBXFileReference; explicitFileType = wrapper.cfbundle; includeInIndex = 0; path = "Wangzhan（swfit）UITests.xctest"; sourceTree = BUILT_PRODUCTS_DIR; };
		6C261DF5201043A100AA9691 /* Wangzhan_swfit_UITests.swift */ = {isa = PBXFileReference; lastKnownFileType = sourcecode.swift; path = Wangzhan_swfit_UITests.swift; sourceTree = "<group>"; };
		6C261DF7201043A100AA9691 /* Info.plist */ = {isa = PBXFileReference; lastKnownFileType = text.plist.xml; path = Info.plist; sourceTree = "<group>"; };
		6C261E1C201068EF00AA9691 /* TabbarViewController.swift */ = {isa = PBXFileReference; fileEncoding = 4; lastKnownFileType = sourcecode.swift; path = TabbarViewController.swift; sourceTree = "<group>"; };
		6C261E1E2010744400AA9691 /* WZMainViewController.swift */ = {isa = PBXFileReference; fileEncoding = 4; lastKnownFileType = sourcecode.swift; path = WZMainViewController.swift; sourceTree = "<group>"; };
		6C261E202010745300AA9691 /* WZMyViewController.swift */ = {isa = PBXFileReference; fileEncoding = 4; lastKnownFileType = sourcecode.swift; path = WZMyViewController.swift; sourceTree = "<group>"; };
		6C261E222010746600AA9691 /* WZGlobeViewController.swift */ = {isa = PBXFileReference; fileEncoding = 4; lastKnownFileType = sourcecode.swift; path = WZGlobeViewController.swift; sourceTree = "<group>"; };
		6C261E242010747300AA9691 /* WZMessageViewController.swift */ = {isa = PBXFileReference; fileEncoding = 4; lastKnownFileType = sourcecode.swift; path = WZMessageViewController.swift; sourceTree = "<group>"; };
		6C261E262010924700AA9691 /* WZMainDetailViewController.swift */ = {isa = PBXFileReference; fileEncoding = 4; lastKnownFileType = sourcecode.swift; path = WZMainDetailViewController.swift; sourceTree = "<group>"; };
		6C261E282011C01600AA9691 /* BaseViewController.swift */ = {isa = PBXFileReference; fileEncoding = 4; lastKnownFileType = sourcecode.swift; path = BaseViewController.swift; sourceTree = "<group>"; };
		6C261E2A201589EE00AA9691 /* WZCell.swift */ = {isa = PBXFileReference; fileEncoding = 4; lastKnownFileType = sourcecode.swift; path = WZCell.swift; sourceTree = "<group>"; };
/* End PBXFileReference section */

/* Begin PBXFrameworksBuildPhase section */
		6C261DCF201043A000AA9691 /* Frameworks */ = {
			isa = PBXFrameworksBuildPhase;
			buildActionMask = 2147483647;
			files = (
			);
			runOnlyForDeploymentPostprocessing = 0;
		};
		6C261DE3201043A100AA9691 /* Frameworks */ = {
			isa = PBXFrameworksBuildPhase;
			buildActionMask = 2147483647;
			files = (
			);
			runOnlyForDeploymentPostprocessing = 0;
		};
		6C261DEE201043A100AA9691 /* Frameworks */ = {
			isa = PBXFrameworksBuildPhase;
			buildActionMask = 2147483647;
			files = (
			);
			runOnlyForDeploymentPostprocessing = 0;
		};
/* End PBXFrameworksBuildPhase section */

/* Begin PBXGroup section */
		6C261DC9201043A000AA9691 = {
			isa = PBXGroup;
			children = (
				6C261DD4201043A000AA9691 /* Wangzhan（swfit） */,
				6C261DE9201043A100AA9691 /* Wangzhan（swfit）Tests */,
				6C261DF4201043A100AA9691 /* Wangzhan（swfit）UITests */,
				6C261DD3201043A000AA9691 /* Products */,
			);
			sourceTree = "<group>";
		};
		6C261DD3201043A000AA9691 /* Products */ = {
			isa = PBXGroup;
			children = (
				6C261DD2201043A000AA9691 /* Wangzhan（swfit）.app */,
				6C261DE6201043A100AA9691 /* Wangzhan（swfit）Tests.xctest */,
				6C261DF1201043A100AA9691 /* Wangzhan（swfit）UITests.xctest */,
			);
			name = Products;
			sourceTree = "<group>";
		};
		6C261DD4201043A000AA9691 /* Wangzhan（swfit） */ = {
			isa = PBXGroup;
			children = (
				6C261DD5201043A000AA9691 /* AppDelegate.swift */,
				6C261DD7201043A000AA9691 /* ViewController.swift */,
				6C261DD9201043A000AA9691 /* Main.storyboard */,
				6C261E032010443700AA9691 /* 基础库 */,
				6C261E042010443700AA9691 /* 首页 */,
				6C261E052010443700AA9691 /* 网络 */,
				6C261E062010443700AA9691 /* 我的 */,
				6C261E072010443700AA9691 /* 展馆 */,
				6C261E082010443700AA9691 /* 资讯 */,
				6C261E092010443700AA9691 /* Tabbar */,
				6C261DDC201043A000AA9691 /* Assets.xcassets */,
				6C261DDE201043A000AA9691 /* LaunchScreen.storyboard */,
				6C261DE1201043A000AA9691 /* Info.plist */,
			);
			path = "Wangzhan（swfit）";
			sourceTree = "<group>";
		};
		6C261DE9201043A100AA9691 /* Wangzhan（swfit）Tests */ = {
			isa = PBXGroup;
			children = (
				6C261DEA201043A100AA9691 /* Wangzhan_swfit_Tests.swift */,
				6C261DEC201043A100AA9691 /* Info.plist */,
			);
			path = "Wangzhan（swfit）Tests";
			sourceTree = "<group>";
		};
		6C261DF4201043A100AA9691 /* Wangzhan（swfit）UITests */ = {
			isa = PBXGroup;
			children = (
				6C261DF5201043A100AA9691 /* Wangzhan_swfit_UITests.swift */,
				6C261DF7201043A100AA9691 /* Info.plist */,
			);
			path = "Wangzhan（swfit）UITests";
			sourceTree = "<group>";
		};
		6C261E032010443700AA9691 /* 基础库 */ = {
			isa = PBXGroup;
			children = (
				6C261E282011C01600AA9691 /* BaseViewController.swift */,
			);
			path = "基础库";
			sourceTree = "<group>";
		};
		6C261E042010443700AA9691 /* 首页 */ = {
			isa = PBXGroup;
			children = (
				6C261E0A201048CE00AA9691 /* Controllers */,
				6C261E0B201048CE00AA9691 /* Models */,
				6C261E0C201048CE00AA9691 /* Views */,
			);
			path = "首页";
			sourceTree = "<group>";
		};
		6C261E052010443700AA9691 /* 网络 */ = {
			isa = PBXGroup;
			children = (
			);
			path = "网络";
			sourceTree = "<group>";
		};
		6C261E062010443700AA9691 /* 我的 */ = {
			isa = PBXGroup;
			children = (
				6C261E0D201048D600AA9691 /* Controllers */,
				6C261E0E201048D600AA9691 /* Models */,
				6C261E0F201048D600AA9691 /* Views */,
			);
			path = "我的";
			sourceTree = "<group>";
		};
		6C261E072010443700AA9691 /* 展馆 */ = {
			isa = PBXGroup;
			children = (
				6C261E10201048DC00AA9691 /* Controllers */,
				6C261E11201048DC00AA9691 /* Models */,
				6C261E12201048DC00AA9691 /* Views */,
			);
			path = "展馆";
			sourceTree = "<group>";
		};
		6C261E082010443700AA9691 /* 资讯 */ = {
			isa = PBXGroup;
			children = (
				6C261E13201048E200AA9691 /* Controllers */,
				6C261E14201048E200AA9691 /* Models */,
				6C261E15201048E200AA9691 /* Views */,
			);
			path = "资讯";
			sourceTree = "<group>";
		};
		6C261E092010443700AA9691 /* Tabbar */ = {
			isa = PBXGroup;
			children = (
				6C261E1C201068EF00AA9691 /* TabbarViewController.swift */,
			);
			path = Tabbar;
			sourceTree = "<group>";
		};
		6C261E0A201048CE00AA9691 /* Controllers */ = {
			isa = PBXGroup;
			children = (
				6C261E1E2010744400AA9691 /* WZMainViewController.swift */,
				6C261E262010924700AA9691 /* WZMainDetailViewController.swift */,
			);
			path = Controllers;
			sourceTree = "<group>";
		};
		6C261E0B201048CE00AA9691 /* Models */ = {
			isa = PBXGroup;
			children = (
			);
			path = Models;
			sourceTree = "<group>";
		};
		6C261E0C201048CE00AA9691 /* Views */ = {
			isa = PBXGroup;
			children = (
				6C261E2A201589EE00AA9691 /* WZCell.swift */,
			);
			path = Views;
			sourceTree = "<group>";
		};
		6C261E0D201048D600AA9691 /* Controllers */ = {
			isa = PBXGroup;
			children = (
				6C261E202010745300AA9691 /* WZMyViewController.swift */,
			);
			path = Controllers;
			sourceTree = "<group>";
		};
		6C261E0E201048D600AA9691 /* Models */ = {
			isa = PBXGroup;
			children = (
			);
			path = Models;
			sourceTree = "<group>";
		};
		6C261E0F201048D600AA9691 /* Views */ = {
			isa = PBXGroup;
			children = (
			);
			path = Views;
			sourceTree = "<group>";
		};
		6C261E10201048DC00AA9691 /* Controllers */ = {
			isa = PBXGroup;
			children = (
				6C261E222010746600AA9691 /* WZGlobeViewController.swift */,
			);
			path = Controllers;
			sourceTree = "<group>";
		};
		6C261E11201048DC00AA9691 /* Models */ = {
			isa = PBXGroup;
			children = (
			);
			path = Models;
			sourceTree = "<group>";
		};
		6C261E12201048DC00AA9691 /* Views */ = {
			isa = PBXGroup;
			children = (
			);
			path = Views;
			sourceTree = "<group>";
		};
		6C261E13201048E200AA9691 /* Controllers */ = {
			isa = PBXGroup;
			children = (
				6C261E242010747300AA9691 /* WZMessageViewController.swift */,
			);
			path = Controllers;
			sourceTree = "<group>";
		};
		6C261E14201048E200AA9691 /* Models */ = {
			isa = PBXGroup;
			children = (
			);
			path = Models;
			sourceTree = "<group>";
		};
		6C261E15201048E200AA9691 /* Views */ = {
			isa = PBXGroup;
			children = (
			);
			path = Views;
			sourceTree = "<group>";
		};
/* End PBXGroup section */

/* Begin PBXNativeTarget section */
		6C261DD1201043A000AA9691 /* Wangzhan（swfit） */ = {
			isa = PBXNativeTarget;
			buildConfigurationList = 6C261DFA201043A100AA9691 /* Build configuration list for PBXNativeTarget "Wangzhan（swfit）" */;
			buildPhases = (
				6C261DCE201043A000AA9691 /* Sources */,
				6C261DCF201043A000AA9691 /* Frameworks */,
				6C261DD0201043A000AA9691 /* Resources */,
			);
			buildRules = (
			);
			dependencies = (
			);
			name = "Wangzhan（swfit）";
			productName = "Wangzhan（swfit）";
			productReference = 6C261DD2201043A000AA9691 /* Wangzhan（swfit）.app */;
			productType = "com.apple.product-type.application";
		};
		6C261DE5201043A100AA9691 /* Wangzhan（swfit）Tests */ = {
			isa = PBXNativeTarget;
			buildConfigurationList = 6C261DFD201043A100AA9691 /* Build configuration list for PBXNativeTarget "Wangzhan（swfit）Tests" */;
			buildPhases = (
				6C261DE2201043A100AA9691 /* Sources */,
				6C261DE3201043A100AA9691 /* Frameworks */,
				6C261DE4201043A100AA9691 /* Resources */,
			);
			buildRules = (
			);
			dependencies = (
				6C261DE8201043A100AA9691 /* PBXTargetDependency */,
			);
			name = "Wangzhan（swfit）Tests";
			productName = "Wangzhan（swfit）Tests";
			productReference = 6C261DE6201043A100AA9691 /* Wangzhan（swfit）Tests.xctest */;
			productType = "com.apple.product-type.bundle.unit-test";
		};
		6C261DF0201043A100AA9691 /* Wangzhan（swfit）UITests */ = {
			isa = PBXNativeTarget;
			buildConfigurationList = 6C261E00201043A100AA9691 /* Build configuration list for PBXNativeTarget "Wangzhan（swfit）UITests" */;
			buildPhases = (
				6C261DED201043A100AA9691 /* Sources */,
				6C261DEE201043A100AA9691 /* Frameworks */,
				6C261DEF201043A100AA9691 /* Resources */,
			);
			buildRules = (
			);
			dependencies = (
				6C261DF3201043A100AA9691 /* PBXTargetDependency */,
			);
			name = "Wangzhan（swfit）UITests";
			productName = "Wangzhan（swfit）UITests";
			productReference = 6C261DF1201043A100AA9691 /* Wangzhan（swfit）UITests.xctest */;
			productType = "com.apple.product-type.bundle.ui-testing";
		};
/* End PBXNativeTarget section */

/* Begin PBXProject section */
		6C261DCA201043A000AA9691 /* Project object */ = {
			isa = PBXProject;
			attributes = {
				LastSwiftUpdateCheck = 0830;
				LastUpgradeCheck = 0830;
				ORGANIZATIONNAME = zhb;
				TargetAttributes = {
					6C261DD1201043A000AA9691 = {
						CreatedOnToolsVersion = 8.3.3;
						DevelopmentTeam = FUM9FP898F;
						ProvisioningStyle = Automatic;
					};
					6C261DE5201043A100AA9691 = {
						CreatedOnToolsVersion = 8.3.3;
						ProvisioningStyle = Automatic;
						TestTargetID = 6C261DD1201043A000AA9691;
					};
					6C261DF0201043A100AA9691 = {
						CreatedOnToolsVersion = 8.3.3;
						ProvisioningStyle = Automatic;
						TestTargetID = 6C261DD1201043A000AA9691;
					};
				};
			};
			buildConfigurationList = 6C261DCD201043A000AA9691 /* Build configuration list for PBXProject "Wangzhan（swfit）" */;
			compatibilityVersion = "Xcode 3.2";
			developmentRegion = English;
			hasScannedForEncodings = 0;
			knownRegions = (
				en,
				Base,
			);
			mainGroup = 6C261DC9201043A000AA9691;
			productRefGroup = 6C261DD3201043A000AA9691 /* Products */;
			projectDirPath = "";
			projectRoot = "";
			targets = (
				6C261DD1201043A000AA9691 /* Wangzhan（swfit） */,
				6C261DE5201043A100AA9691 /* Wangzhan（swfit）Tests */,
				6C261DF0201043A100AA9691 /* Wangzhan（swfit）UITests */,
			);
		};
/* End PBXProject section */

/* Begin PBXResourcesBuildPhase section */
		6C261DD0201043A000AA9691 /* Resources */ = {
			isa = PBXResourcesBuildPhase;
			buildActionMask = 2147483647;
			files = (
				6C261DE0201043A000AA9691 /* LaunchScreen.storyboard in Resources */,
				6C261DDD201043A000AA9691 /* Assets.xcassets in Resources */,
				6C261DDB201043A000AA9691 /* Main.storyboard in Resources */,
			);
			runOnlyForDeploymentPostprocessing = 0;
		};
		6C261DE4201043A100AA9691 /* Resources */ = {
			isa = PBXResourcesBuildPhase;
			buildActionMask = 2147483647;
			files = (
			);
			runOnlyForDeploymentPostprocessing = 0;
		};
		6C261DEF201043A100AA9691 /* Resources */ = {
			isa = PBXResourcesBuildPhase;
			buildActionMask = 2147483647;
			files = (
			);
			runOnlyForDeploymentPostprocessing = 0;
		};
/* End PBXResourcesBuildPhase section */

/* Begin PBXSourcesBuildPhase section */
		6C261DCE201043A000AA9691 /* Sources */ = {
			isa = PBXSourcesBuildPhase;
			buildActionMask = 2147483647;
			files = (
				6C261E212010745300AA9691 /* WZMyViewController.swift in Sources */,
				6C261E232010746600AA9691 /* WZGlobeViewController.swift in Sources */,
				6C261DD8201043A000AA9691 /* ViewController.swift in Sources */,
				6C261DD6201043A000AA9691 /* AppDelegate.swift in Sources */,
				6C261E2B201589EF00AA9691 /* WZCell.swift in Sources */,
				6C261E252010747300AA9691 /* WZMessageViewController.swift in Sources */,
				6C261E292011C01600AA9691 /* BaseViewController.swift in Sources */,
				6C261E1F2010744400AA9691 /* WZMainViewController.swift in Sources */,
				6C261E272010924700AA9691 /* WZMainDetailViewController.swift in Sources */,
				6C261E1D201068EF00AA9691 /* TabbarViewController.swift in Sources */,
			);
			runOnlyForDeploymentPostprocessing = 0;
		};
		6C261DE2201043A100AA9691 /* Sources */ = {
			isa = PBXSourcesBuildPhase;
			buildActionMask = 2147483647;
			files = (
				6C261DEB201043A100AA9691 /* Wangzhan_swfit_Tests.swift in Sources */,
			);
			runOnlyForDeploymentPostprocessing = 0;
		};
		6C261DED201043A100AA9691 /* Sources */ = {
			isa = PBXSourcesBuildPhase;
			buildActionMask = 2147483647;
			files = (
				6C261DF6201043A100AA9691 /* Wangzhan_swfit_UITests.swift in Sources */,
			);
			runOnlyForDeploymentPostprocessing = 0;
		};
/* End PBXSourcesBuildPhase section */

/* Begin PBXTargetDependency section */
		6C261DE8201043A100AA9691 /* PBXTargetDependency */ = {
			isa = PBXTargetDependency;
			target = 6C261DD1201043A000AA9691 /* Wangzhan（swfit） */;
			targetProxy = 6C261DE7201043A100AA9691 /* PBXContainerItemProxy */;
		};
		6C261DF3201043A100AA9691 /* PBXTargetDependency */ = {
			isa = PBXTargetDependency;
			target = 6C261DD1201043A000AA9691 /* Wangzhan（swfit） */;
			targetProxy = 6C261DF2201043A100AA9691 /* PBXContainerItemProxy */;
		};
/* End PBXTargetDependency section */

/* Begin PBXVariantGroup section */
		6C261DD9201043A000AA9691 /* Main.storyboard */ = {
			isa = PBXVariantGroup;
			children = (
				6C261DDA201043A000AA9691 /* Base */,
			);
			name = Main.storyboard;
			sourceTree = "<group>";
		};
		6C261DDE201043A000AA9691 /* LaunchScreen.storyboard */ = {
			isa = PBXVariantGroup;
			children = (
				6C261DDF201043A000AA9691 /* Base */,
			);
			name = LaunchScreen.storyboard;
			sourceTree = "<group>";
		};
/* End PBXVariantGroup section */

/* Begin XCBuildConfiguration section */
		6C261DF8201043A100AA9691 /* Debug */ = {
			isa = XCBuildConfiguration;
			buildSettings = {
				ALWAYS_SEARCH_USER_PATHS = NO;
				CLANG_ANALYZER_NONNULL = YES;
				CLANG_ANALYZER_NUMBER_OBJECT_CONVERSION = YES_AGGRESSIVE;
				CLANG_CXX_LANGUAGE_STANDARD = "gnu++0x";
				CLANG_CXX_LIBRARY = "libc++";
				CLANG_ENABLE_MODULES = YES;
				CLANG_ENABLE_OBJC_ARC = YES;
				CLANG_WARN_BOOL_CONVERSION = YES;
				CLANG_WARN_CONSTANT_CONVERSION = YES;
				CLANG_WARN_DIRECT_OBJC_ISA_USAGE = YES_ERROR;
				CLANG_WARN_DOCUMENTATION_COMMENTS = YES;
				CLANG_WARN_EMPTY_BODY = YES;
				CLANG_WARN_ENUM_CONVERSION = YES;
				CLANG_WARN_INFINITE_RECURSION = YES;
				CLANG_WARN_INT_CONVERSION = YES;
				CLANG_WARN_OBJC_ROOT_CLASS = YES_ERROR;
				CLANG_WARN_SUSPICIOUS_MOVE = YES;
				CLANG_WARN_UNREACHABLE_CODE = YES;
				CLANG_WARN__DUPLICATE_METHOD_MATCH = YES;
				"CODE_SIGN_IDENTITY[sdk=iphoneos*]" = "iPhone Developer";
				COPY_PHASE_STRIP = NO;
				DEBUG_INFORMATION_FORMAT = dwarf;
				ENABLE_STRICT_OBJC_MSGSEND = YES;
				ENABLE_TESTABILITY = YES;
				GCC_C_LANGUAGE_STANDARD = gnu99;
				GCC_DYNAMIC_NO_PIC = NO;
				GCC_NO_COMMON_BLOCKS = YES;
				GCC_OPTIMIZATION_LEVEL = 0;
				GCC_PREPROCESSOR_DEFINITIONS = (
					"DEBUG=1",
					"$(inherited)",
				);
				GCC_WARN_64_TO_32_BIT_CONVERSION = YES;
				GCC_WARN_ABOUT_RETURN_TYPE = YES_ERROR;
				GCC_WARN_UNDECLARED_SELECTOR = YES;
				GCC_WARN_UNINITIALIZED_AUTOS = YES_AGGRESSIVE;
				GCC_WARN_UNUSED_FUNCTION = YES;
				GCC_WARN_UNUSED_VARIABLE = YES;
				IPHONEOS_DEPLOYMENT_TARGET = 10.3;
				MTL_ENABLE_DEBUG_INFO = YES;
				ONLY_ACTIVE_ARCH = YES;
				SDKROOT = iphoneos;
				SWIFT_ACTIVE_COMPILATION_CONDITIONS = DEBUG;
				SWIFT_OPTIMIZATION_LEVEL = "-Onone";
			};
			name = Debug;
		};
		6C261DF9201043A100AA9691 /* Release */ = {
			isa = XCBuildConfiguration;
			buildSettings = {
				ALWAYS_SEARCH_USER_PATHS = NO;
				CLANG_ANALYZER_NONNULL = YES;
				CLANG_ANALYZER_NUMBER_OBJECT_CONVERSION = YES_AGGRESSIVE;
				CLANG_CXX_LANGUAGE_STANDARD = "gnu++0x";
				CLANG_CXX_LIBRARY = "libc++";
				CLANG_ENABLE_MODULES = YES;
				CLANG_ENABLE_OBJC_ARC = YES;
				CLANG_WARN_BOOL_CONVERSION = YES;
				CLANG_WARN_CONSTANT_CONVERSION = YES;
				CLANG_WARN_DIRECT_OBJC_ISA_USAGE = YES_ERROR;
				CLANG_WARN_DOCUMENTATION_COMMENTS = YES;
				CLANG_WARN_EMPTY_BODY = YES;
				CLANG_WARN_ENUM_CONVERSION = YES;
				CLANG_WARN_INFINITE_RECURSION = YES;
				CLANG_WARN_INT_CONVERSION = YES;
				CLANG_WARN_OBJC_ROOT_CLASS = YES_ERROR;
				CLANG_WARN_SUSPICIOUS_MOVE = YES;
				CLANG_WARN_UNREACHABLE_CODE = YES;
				CLANG_WARN__DUPLICATE_METHOD_MATCH = YES;
				"CODE_SIGN_IDENTITY[sdk=iphoneos*]" = "iPhone Developer";
				COPY_PHASE_STRIP = NO;
				DEBUG_INFORMATION_FORMAT = "dwarf-with-dsym";
				ENABLE_NS_ASSERTIONS = NO;
				ENABLE_STRICT_OBJC_MSGSEND = YES;
				GCC_C_LANGUAGE_STANDARD = gnu99;
				GCC_NO_COMMON_BLOCKS = YES;
				GCC_WARN_64_TO_32_BIT_CONVERSION = YES;
				GCC_WARN_ABOUT_RETURN_TYPE = YES_ERROR;
				GCC_WARN_UNDECLARED_SELECTOR = YES;
				GCC_WARN_UNINITIALIZED_AUTOS = YES_AGGRESSIVE;
				GCC_WARN_UNUSED_FUNCTION = YES;
				GCC_WARN_UNUSED_VARIABLE = YES;
				IPHONEOS_DEPLOYMENT_TARGET = 10.3;
				MTL_ENABLE_DEBUG_INFO = NO;
				SDKROOT = iphoneos;
				SWIFT_OPTIMIZATION_LEVEL = "-Owholemodule";
				VALIDATE_PRODUCT = YES;
			};
			name = Release;
		};
		6C261DFB201043A100AA9691 /* Debug */ = {
			isa = XCBuildConfiguration;
			buildSettings = {
				ASSETCATALOG_COMPILER_APPICON_NAME = AppIcon;
				DEVELOPMENT_TEAM = FUM9FP898F;
				INFOPLIST_FILE = "Wangzhan（swfit）/Info.plist";
				LD_RUNPATH_SEARCH_PATHS = "$(inherited) @executable_path/Frameworks";
				PRODUCT_BUNDLE_IDENTIFIER = "com.mandb.chirs.Wangzhan-swfit-";
				PRODUCT_NAME = "$(TARGET_NAME)";
				SWIFT_VERSION = 3.0;
			};
			name = Debug;
		};
		6C261DFC201043A100AA9691 /* Release */ = {
			isa = XCBuildConfiguration;
			buildSettings = {
				ASSETCATALOG_COMPILER_APPICON_NAME = AppIcon;
				DEVELOPMENT_TEAM = FUM9FP898F;
				INFOPLIST_FILE = "Wangzhan（swfit）/Info.plist";
				LD_RUNPATH_SEARCH_PATHS = "$(inherited) @executable_path/Frameworks";
				PRODUCT_BUNDLE_IDENTIFIER = "com.mandb.chirs.Wangzhan-swfit-";
				PRODUCT_NAME = "$(TARGET_NAME)";
				SWIFT_VERSION = 3.0;
			};
			name = Release;
		};
		6C261DFE201043A100AA9691 /* Debug */ = {
			isa = XCBuildConfiguration;
			buildSettings = {
				ALWAYS_EMBED_SWIFT_STANDARD_LIBRARIES = YES;
				BUNDLE_LOADER = "$(TEST_HOST)";
				INFOPLIST_FILE = "Wangzhan（swfit）Tests/Info.plist";
				LD_RUNPATH_SEARCH_PATHS = "$(inherited) @executable_path/Frameworks @loader_path/Frameworks";
				PRODUCT_BUNDLE_IDENTIFIER = "com.mandb.chirs.Wangzhan-swfit-Tests";
				PRODUCT_NAME = "$(TARGET_NAME)";
				SWIFT_VERSION = 3.0;
				TEST_HOST = "$(BUILT_PRODUCTS_DIR)/Wangzhan（swfit）.app/Wangzhan（swfit）";
			};
			name = Debug;
		};
		6C261DFF201043A100AA9691 /* Release */ = {
			isa = XCBuildConfiguration;
			buildSettings = {
				ALWAYS_EMBED_SWIFT_STANDARD_LIBRARIES = YES;
				BUNDLE_LOADER = "$(TEST_HOST)";
				INFOPLIST_FILE = "Wangzhan（swfit）Tests/Info.plist";
				LD_RUNPATH_SEARCH_PATHS = "$(inherited) @executable_path/Frameworks @loader_path/Frameworks";
				PRODUCT_BUNDLE_IDENTIFIER = "com.mandb.chirs.Wangzhan-swfit-Tests";
				PRODUCT_NAME = "$(TARGET_NAME)";
				SWIFT_VERSION = 3.0;
				TEST_HOST = "$(BUILT_PRODUCTS_DIR)/Wangzhan（swfit）.app/Wangzhan（swfit）";
			};
			name = Release;
		};
		6C261E01201043A100AA9691 /* Debug */ = {
			isa = XCBuildConfiguration;
			buildSettings = {
				ALWAYS_EMBED_SWIFT_STANDARD_LIBRARIES = YES;
				INFOPLIST_FILE = "Wangzhan（swfit）UITests/Info.plist";
				LD_RUNPATH_SEARCH_PATHS = "$(inherited) @executable_path/Frameworks @loader_path/Frameworks";
				PRODUCT_BUNDLE_IDENTIFIER = "com.mandb.chirs.Wangzhan-swfit-UITests";
				PRODUCT_NAME = "$(TARGET_NAME)";
				SWIFT_VERSION = 3.0;
				TEST_TARGET_NAME = "Wangzhan（swfit）";
			};
			name = Debug;
		};
		6C261E02201043A100AA9691 /* Release */ = {
			isa = XCBuildConfiguration;
			buildSettings = {
				ALWAYS_EMBED_SWIFT_STANDARD_LIBRARIES = YES;
				INFOPLIST_FILE = "Wangzhan（swfit）UITests/Info.plist";
				LD_RUNPATH_SEARCH_PATHS = "$(inherited) @executable_path/Frameworks @loader_path/Frameworks";
				PRODUCT_BUNDLE_IDENTIFIER = "com.mandb.chirs.Wangzhan-swfit-UITests";
				PRODUCT_NAME = "$(TARGET_NAME)";
				SWIFT_VERSION = 3.0;
				TEST_TARGET_NAME = "Wangzhan（swfit）";
			};
			name = Release;
		};
/* End XCBuildConfiguration section */

/* Begin XCConfigurationList section */
		6C261DCD201043A000AA9691 /* Build configuration list for PBXProject "Wangzhan（swfit）" */ = {
			isa = XCConfigurationList;
			buildConfigurations = (
				6C261DF8201043A100AA9691 /* Debug */,
				6C261DF9201043A100AA9691 /* Release */,
			);
			defaultConfigurationIsVisible = 0;
			defaultConfigurationName = Release;
		};
		6C261DFA201043A100AA9691 /* Build configuration list for PBXNativeTarget "Wangzhan（swfit）" */ = {
			isa = XCConfigurationList;
			buildConfigurations = (
				6C261DFB201043A100AA9691 /* Debug */,
				6C261DFC201043A100AA9691 /* Release */,
			);
			defaultConfigurationIsVisible = 0;
		};
		6C261DFD201043A100AA9691 /* Build configuration list for PBXNativeTarget "Wangzhan（swfit）Tests" */ = {
			isa = XCConfigurationList;
			buildConfigurations = (
				6C261DFE201043A100AA9691 /* Debug */,
				6C261DFF201043A100AA9691 /* Release */,
			);
			defaultConfigurationIsVisible = 0;
		};
		6C261E00201043A100AA9691 /* Build configuration list for PBXNativeTarget "Wangzhan（swfit）UITests" */ = {
			isa = XCConfigurationList;
			buildConfigurations = (
				6C261E01201043A100AA9691 /* Debug */,
				6C261E02201043A100AA9691 /* Release */,
			);
			defaultConfigurationIsVisible = 0;
		};
/* End XCConfigurationList section */
	};
	rootObject = 6C261DCA201043A000AA9691 /* Project object */;
}
